
Microsoft Visual Studio Solution File, Format Version 12.00
# Visual Studio Version 17
VisualStudioVersion = 17.0.32014.148
MinimumVisualStudioVersion = 10.0.40219.1
Project("{FAE04EC0-301F-11D3-BF4B-00C04F79EFBC}") = "Sausio 24 d pamoka", "Sausio 24 d pamoka\Sausio 24 d pamoka.csproj", "{1A316966-9442-49A7-A6E0-31B4725C231A}"
EndProject
Global
	GlobalSection(SolutionConfigurationPlatforms) = preSolution
		Debug|Any CPU = Debug|Any CPU
		Release|Any CPU = Release|Any CPU
	EndGlobalSection
	GlobalSection(ProjectConfigurationPlatforms) = postSolution
		{1A316966-9442-49A7-A6E0-31B4725C231A}.Debug|Any CPU.ActiveCfg = Debug|Any CPU
		{1A316966-9442-49A7-A6E0-31B4725C231A}.Debug|Any CPU.Build.0 = Debug|Any CPU
		{1A316966-9442-49A7-A6E0-31B4725C231A}.Release|Any CPU.ActiveCfg = Release|Any CPU
		{1A316966-9442-49A7-A6E0-31B4725C231A}.Release|Any CPU.Build.0 = Release|Any CPU
	EndGlobalSection
	GlobalSection(SolutionProperties) = preSolution
		HideSolutionNode = FALSE
	EndGlobalSection
	GlobalSection(ExtensibilityGlobals) = postSolution
		SolutionGuid = {F6EE5A55-2604-4A0D-A087-ECC6A59E7CA2}
	EndGlobalSection
EndGlobal
