
Microsoft Visual Studio Solution File, Format Version 12.00
# Visual Studio Version 17
VisualStudioVersion = 17.0.32014.148
MinimumVisualStudioVersion = 10.0.40219.1
Project("{FAE04EC0-301F-11D3-BF4B-00C04F79EFBC}") = "Sausio 11 d pamoka", "Sausio 11 d pamoka\Sausio 11 d pamoka.csproj", "{A1BA1EB2-5AD7-47BD-A85E-469561058ECA}"
EndProject
Global
	GlobalSection(SolutionConfigurationPlatforms) = preSolution
		Debug|Any CPU = Debug|Any CPU
		Release|Any CPU = Release|Any CPU
	EndGlobalSection
	GlobalSection(ProjectConfigurationPlatforms) = postSolution
		{A1BA1EB2-5AD7-47BD-A85E-469561058ECA}.Debug|Any CPU.ActiveCfg = Debug|Any CPU
		{A1BA1EB2-5AD7-47BD-A85E-469561058ECA}.Debug|Any CPU.Build.0 = Debug|Any CPU
		{A1BA1EB2-5AD7-47BD-A85E-469561058ECA}.Release|Any CPU.ActiveCfg = Release|Any CPU
		{A1BA1EB2-5AD7-47BD-A85E-469561058ECA}.Release|Any CPU.Build.0 = Release|Any CPU
	EndGlobalSection
	GlobalSection(SolutionProperties) = preSolution
		HideSolutionNode = FALSE
	EndGlobalSection
	GlobalSection(ExtensibilityGlobals) = postSolution
		SolutionGuid = {8C79BF0C-F801-4FA4-B912-9DF8CD8C18C5}
	EndGlobalSection
EndGlobal
